
Microsoft Visual Studio Solution File, Format Version 12.00
# Visual Studio Version 17
VisualStudioVersion = 17.10.35013.160
MinimumVisualStudioVersion = 10.0.40219.1
Project("{9A19103F-16F7-4668-BE54-9A1E7A4F7556}") = "ToDo.API", "ToDo.API\ToDo.API.csproj", "{6007FBEB-6EF6-4895-8996-9614A10F6882}"
EndProject
Project("{2150E333-8FDC-42A3-9474-1A3956D46DE8}") = "Solution Items", "Solution Items", "{4D574539-6C1E-4F9A-AC7B-49EF19C2A125}"
	ProjectSection(SolutionItems) = preProject
		.gitignore = .gitignore
	EndProjectSection
EndProject
Global
	GlobalSection(SolutionConfigurationPlatforms) = preSolution
		Debug|Any CPU = Debug|Any CPU
		Release|Any CPU = Release|Any CPU
	EndGlobalSection
	GlobalSection(ProjectConfigurationPlatforms) = postSolution
		{6007FBEB-6EF6-4895-8996-9614A10F6882}.Debug|Any CPU.ActiveCfg = Debug|Any CPU
		{6007FBEB-6EF6-4895-8996-9614A10F6882}.Debug|Any CPU.Build.0 = Debug|Any CPU
		{6007FBEB-6EF6-4895-8996-9614A10F6882}.Release|Any CPU.ActiveCfg = Release|Any CPU
		{6007FBEB-6EF6-4895-8996-9614A10F6882}.Release|Any CPU.Build.0 = Release|Any CPU
	EndGlobalSection
	GlobalSection(SolutionProperties) = preSolution
		HideSolutionNode = FALSE
	EndGlobalSection
	GlobalSection(ExtensibilityGlobals) = postSolution
		SolutionGuid = {D8A09C00-2559-4CAC-8B0C-D1185E8776F3}
	EndGlobalSection
EndGlobal
